
Microsoft Visual Studio Solution File, Format Version 12.00
# Visual Studio Version 16
VisualStudioVersion = 16.0.29409.12
MinimumVisualStudioVersion = 10.0.40219.1
Project("{FAE04EC0-301F-11D3-BF4B-00C04F79EFBC}") = "Students", "Students\Students.csproj", "{518D9723-AA53-4422-9EEC-81CE1C8089DD}"
EndProject
Global
	GlobalSection(SolutionConfigurationPlatforms) = preSolution
		Debug|Any CPU = Debug|Any CPU
		Release|Any CPU = Release|Any CPU
	EndGlobalSection
	GlobalSection(ProjectConfigurationPlatforms) = postSolution
		{518D9723-AA53-4422-9EEC-81CE1C8089DD}.Debug|Any CPU.ActiveCfg = Debug|Any CPU
		{518D9723-AA53-4422-9EEC-81CE1C8089DD}.Debug|Any CPU.Build.0 = Debug|Any CPU
		{518D9723-AA53-4422-9EEC-81CE1C8089DD}.Release|Any CPU.ActiveCfg = Release|Any CPU
		{518D9723-AA53-4422-9EEC-81CE1C8089DD}.Release|Any CPU.Build.0 = Release|Any CPU
	EndGlobalSection
	GlobalSection(SolutionProperties) = preSolution
		HideSolutionNode = FALSE
	EndGlobalSection
	GlobalSection(ExtensibilityGlobals) = postSolution
		SolutionGuid = {F23B3935-6857-422F-8501-ADB4EF186893}
	EndGlobalSection
EndGlobal
